<?xml version="1.0" encoding="utf-8"?>
<Project ToolsVersion="4.0" xmlns="http://schemas.microsoft.com/developer/msbuild/2003">
  <ItemGroup>
    <Filter Include="_Main">
      <UniqueIdentifier>{d0b8019b-caff-47ea-9168-367736624bd9}</UniqueIdentifier>
    </Filter>
    <Filter Include="Core">
      <UniqueIdentifier>{3dba8613-9018-45cc-8695-37839f70a6f3}</UniqueIdentifier>
    </Filter>
    <Filter Include="Scenes">
      <UniqueIdentifier>{9a40d7ff-9dc3-4aaf-9fd6-9f7ac37b4b0e}</UniqueIdentifier>
    </Filter>
    <Filter Include="Level">
      <UniqueIdentifier>{bdf658e0-31b1-4612-9588-583bbe5334c3}</UniqueIdentifier>
    </Filter>
    <Filter Include="Characters">
      <UniqueIdentifier>{78222119-2cb1-4ebf-8e97-7425ff2107b3}</UniqueIdentifier>
    </Filter>
    <Filter Include="Systems">
      <UniqueIdentifier>{5a629ae4-7a42-43e3-82d3-6003a703946b}</UniqueIdentifier>
    </Filter>
  </ItemGroup>
  <ItemGroup>
    <ClInclude Include="pch.h">
      <Filter>_Main</Filter>
    </ClInclude>
    <ClInclude Include="DigDug.h">
      <Filter>Core</Filter>
    </ClInclude>
    <ClInclude Include="Characters.h">
      <Filter>Characters</Filter>
    </ClInclude>
    <ClInclude Include="CharacterStates.h">
      <Filter>Characters</Filter>
    </ClInclude>
    <ClInclude Include="DigDugLevel.h">
      <Filter>Scenes</Filter>
    </ClInclude>
    <ClInclude Include="Prefabs.h">
      <Filter>Level</Filter>
    </ClInclude>
    <ClInclude Include="RockStates.h">
      <Filter>Level</Filter>
    </ClInclude>
    <ClInclude Include="MainMenu.h">
      <Filter>Scenes</Filter>
    </ClInclude>
    <ClInclude Include="HealthDisplay.h">
      <Filter>Characters</Filter>
    </ClInclude>
  </ItemGroup>
  <ItemGroup>
    <ClCompile Include="Main.cpp">
      <Filter>_Main</Filter>
    </ClCompile>
    <ClCompile Include="pch.cpp">
      <Filter>_Main</Filter>
    </ClCompile>
    <ClCompile Include="DigDug.cpp">
      <Filter>Core</Filter>
    </ClCompile>
    <ClCompile Include="Characters.cpp">
      <Filter>Characters</Filter>
    </ClCompile>
    <ClCompile Include="CharacterStates.cpp">
      <Filter>Characters</Filter>
    </ClCompile>
    <ClCompile Include="DigDugLevel.cpp">
      <Filter>Scenes</Filter>
    </ClCompile>
    <ClCompile Include="Prefabs.cpp">
      <Filter>Level</Filter>
    </ClCompile>
    <ClCompile Include="RockStates.cpp">
      <Filter>Level</Filter>
    </ClCompile>
    <ClCompile Include="MainMenu.cpp">
      <Filter>Scenes</Filter>
    </ClCompile>
    <ClCompile Include="HealthDisplay.cpp">
      <Filter>Characters</Filter>
    </ClCompile>
  </ItemGroup>
</Project>