<?xml version="1.0" encoding="utf-8"?>
<Project ToolsVersion="4.0" xmlns="http://schemas.microsoft.com/developer/msbuild/2003">
  <ItemGroup>
    <Filter Include="Resource Files">
      <UniqueIdentifier>{67DA6AB6-F800-4c08-8B7A-83BB121AAD01}</UniqueIdentifier>
      <Extensions>rc;ico;cur;bmp;dlg;rc2;rct;bin;rgs;gif;jpg;jpeg;jpe;resx;tiff;tif;png;wav;mfcribbon-ms</Extensions>
    </Filter>
    <Filter Include="Engine Files">
      <UniqueIdentifier>{0f6c2428-f043-4162-997b-60a731429968}</UniqueIdentifier>
    </Filter>
    <Filter Include="Engine Files\_Core">
      <UniqueIdentifier>{9cc82c74-b2a7-4e24-9e15-91c89d7f289f}</UniqueIdentifier>
    </Filter>
    <Filter Include="Engine Files\Components">
      <UniqueIdentifier>{0a98c2e7-c6ab-4adf-972e-4114e49c2d06}</UniqueIdentifier>
    </Filter>
    <Filter Include="Engine Files\Graphics">
      <UniqueIdentifier>{1431ed6a-349f-4bcf-a052-9dcde161b3a0}</UniqueIdentifier>
    </Filter>
    <Filter Include="Engine Files\Scene">
      <UniqueIdentifier>{3952b066-2268-467f-a0c4-9c232774dadc}</UniqueIdentifier>
    </Filter>
    <Filter Include="Engine Files\_Main">
      <UniqueIdentifier>{2e34b86e-76ea-4c1b-b8c5-2ac34b8f26a6}</UniqueIdentifier>
    </Filter>
    <Filter Include="Engine Files\_Debug">
      <UniqueIdentifier>{eb1a2829-c9f7-42ed-a571-e5fece403d69}</UniqueIdentifier>
    </Filter>
    <Filter Include="Engine Files\Utility">
      <UniqueIdentifier>{33ec5d57-8c9c-4683-8667-3fb4e8ddbd84}</UniqueIdentifier>
    </Filter>
  </ItemGroup>
  <ItemGroup>
    <ClInclude Include="InputManager.h">
      <Filter>Engine Files\_Core</Filter>
    </ClInclude>
    <ClInclude Include="targetver.h">
      <Filter>Engine Files\_Core</Filter>
    </ClInclude>
    <ClInclude Include="Singleton.h">
      <Filter>Engine Files\_Core</Filter>
    </ClInclude>
    <ClInclude Include="GameObject.h">
      <Filter>Engine Files\Scene</Filter>
    </ClInclude>
    <ClInclude Include="SceneManager.h">
      <Filter>Engine Files\Scene</Filter>
    </ClInclude>
    <ClInclude Include="Scene.h">
      <Filter>Engine Files\Scene</Filter>
    </ClInclude>
    <ClInclude Include="Font.h">
      <Filter>Engine Files\Graphics</Filter>
    </ClInclude>
    <ClInclude Include="Renderer.h">
      <Filter>Engine Files\Graphics</Filter>
    </ClInclude>
    <ClInclude Include="ResourceManager.h">
      <Filter>Engine Files\Graphics</Filter>
    </ClInclude>
    <ClInclude Include="Texture2D.h">
      <Filter>Engine Files\Graphics</Filter>
    </ClInclude>
    <ClInclude Include="BaseComponent.h">
      <Filter>Engine Files\Components</Filter>
    </ClInclude>
    <ClInclude Include="TextureComponent.h">
      <Filter>Engine Files\Components</Filter>
    </ClInclude>
    <ClInclude Include="TextComponent.h">
      <Filter>Engine Files\Components</Filter>
    </ClInclude>
    <ClInclude Include="FPSComponent.h">
      <Filter>Engine Files\Components</Filter>
    </ClInclude>
    <ClInclude Include="MovementComponent.h">
      <Filter>Engine Files\Components</Filter>
    </ClInclude>
    <ClInclude Include="Minigin.h">
      <Filter>Engine Files\_Main</Filter>
    </ClInclude>
    <ClInclude Include="MiniginPCH.h">
      <Filter>Engine Files\_Main</Filter>
    </ClInclude>
    <ClInclude Include="Observer.h">
      <Filter>Engine Files\_Core</Filter>
    </ClInclude>
    <ClInclude Include="GameContext.h">
      <Filter>Engine Files\_Core</Filter>
    </ClInclude>
    <ClInclude Include="Structs.h">
      <Filter>Engine Files\_Core</Filter>
    </ClInclude>
    <ClInclude Include="BodyComponent.h">
      <Filter>Engine Files\Components</Filter>
    </ClInclude>
    <ClInclude Include="Log.h">
      <Filter>Engine Files\_Debug</Filter>
    </ClInclude>
    <ClInclude Include="Box2DDebugRender.h">
      <Filter>Engine Files\_Debug</Filter>
    </ClInclude>
    <ClInclude Include="FSMComponent.h">
      <Filter>Engine Files\Components</Filter>
    </ClInclude>
    <ClInclude Include="InfiniteGridComponent.h">
      <Filter>Engine Files\Components</Filter>
    </ClInclude>
    <ClInclude Include="GridComponent.h">
      <Filter>Engine Files\Components</Filter>
    </ClInclude>
    <ClInclude Include="json.hpp">
      <Filter>Engine Files\Utility</Filter>
    </ClInclude>
    <ClInclude Include="Box2DRaycastCallback.h">
      <Filter>Engine Files\Utility</Filter>
    </ClInclude>
    <ClInclude Include="AnimatedSpriteComponent.h">
      <Filter>Engine Files\Components</Filter>
    </ClInclude>
    <ClInclude Include="HealthComponent.h">
      <Filter>Engine Files\Components</Filter>
    </ClInclude>
    <ClInclude Include="Conversions.h">
      <Filter>Engine Files\Utility</Filter>
    </ClInclude>
    <ClInclude Include="SubjectComponent.h">
      <Filter>Engine Files\Components</Filter>
    </ClInclude>
    <ClInclude Include="ObserverComponent.h">
      <Filter>Engine Files\Components</Filter>
    </ClInclude>
    <ClInclude Include="HelperFunctions.h">
      <Filter>Engine Files\Utility</Filter>
    </ClInclude>
    <ClInclude Include="GameTime.h">
      <Filter>Engine Files\_Core</Filter>
    </ClInclude>
  </ItemGroup>
  <ItemGroup>
    <ClCompile Include="InputManager.cpp">
      <Filter>Engine Files\_Core</Filter>
    </ClCompile>
    <ClCompile Include="GameObject.cpp">
      <Filter>Engine Files\Scene</Filter>
    </ClCompile>
    <ClCompile Include="SceneManager.cpp">
      <Filter>Engine Files\Scene</Filter>
    </ClCompile>
    <ClCompile Include="Scene.cpp">
      <Filter>Engine Files\Scene</Filter>
    </ClCompile>
    <ClCompile Include="Font.cpp">
      <Filter>Engine Files\Graphics</Filter>
    </ClCompile>
    <ClCompile Include="Renderer.cpp">
      <Filter>Engine Files\Graphics</Filter>
    </ClCompile>
    <ClCompile Include="ResourceManager.cpp">
      <Filter>Engine Files\Graphics</Filter>
    </ClCompile>
    <ClCompile Include="Texture2D.cpp">
      <Filter>Engine Files\Graphics</Filter>
    </ClCompile>
    <ClCompile Include="TextureComponent.cpp">
      <Filter>Engine Files\Components</Filter>
    </ClCompile>
    <ClCompile Include="TextComponent.cpp">
      <Filter>Engine Files\Components</Filter>
    </ClCompile>
    <ClCompile Include="FPSComponent.cpp">
      <Filter>Engine Files\Components</Filter>
    </ClCompile>
    <ClCompile Include="MovementComponent.cpp">
      <Filter>Engine Files\Components</Filter>
    </ClCompile>
    <ClCompile Include="Minigin.cpp">
      <Filter>Engine Files\_Main</Filter>
    </ClCompile>
    <ClCompile Include="MiniginPCH.cpp">
      <Filter>Engine Files\_Main</Filter>
    </ClCompile>
    <ClCompile Include="Observer.cpp">
      <Filter>Engine Files\_Core</Filter>
    </ClCompile>
    <ClCompile Include="BodyComponent.cpp">
      <Filter>Engine Files\Components</Filter>
    </ClCompile>
    <ClCompile Include="Log.cpp">
      <Filter>Engine Files\_Debug</Filter>
    </ClCompile>
    <ClCompile Include="Box2DDebugRender.cpp">
      <Filter>Engine Files\_Debug</Filter>
    </ClCompile>
    <ClCompile Include="FSMComponent.cpp">
      <Filter>Engine Files\Components</Filter>
    </ClCompile>
    <ClCompile Include="InfiniteGridComponent.cpp">
      <Filter>Engine Files\Components</Filter>
    </ClCompile>
    <ClCompile Include="GridComponent.cpp">
      <Filter>Engine Files\Components</Filter>
    </ClCompile>
    <ClCompile Include="Box2DRaycastCallback.cpp">
      <Filter>Engine Files\Utility</Filter>
    </ClCompile>
    <ClCompile Include="AnimatedSpriteComponent.cpp">
      <Filter>Engine Files\Components</Filter>
    </ClCompile>
    <ClCompile Include="HealthComponent.cpp">
      <Filter>Engine Files\Components</Filter>
    </ClCompile>
    <ClCompile Include="Conversions.cpp">
      <Filter>Engine Files\Utility</Filter>
    </ClCompile>
    <ClCompile Include="SubjectComponent.cpp">
      <Filter>Engine Files\Components</Filter>
    </ClCompile>
    <ClCompile Include="ObserverComponent.cpp">
      <Filter>Engine Files\Components</Filter>
    </ClCompile>
    <ClCompile Include="GameTime.cpp">
      <Filter>Engine Files\_Core</Filter>
    </ClCompile>
  </ItemGroup>
</Project>